
Microsoft Visual Studio Solution File, Format Version 12.00
# Visual Studio Version 16
VisualStudioVersion = 16.0.29215.179
MinimumVisualStudioVersion = 10.0.40219.1
Project("{FAE04EC0-301F-11D3-BF4B-00C04F79EFBC}") = "LogService.Client", "LogService\LogService.Client.csproj", "{581E1D6D-E477-442D-8C9E-A8A99D893465}"
EndProject
Project("{FAE04EC0-301F-11D3-BF4B-00C04F79EFBC}") = "SampleApp", "SampleApp\SampleApp.csproj", "{133CAC61-CF4B-4B5D-9F5B-B81BA28E83D9}"
EndProject
Global
	GlobalSection(SolutionConfigurationPlatforms) = preSolution
		Debug|Any CPU = Debug|Any CPU
		Release|Any CPU = Release|Any CPU
	EndGlobalSection
	GlobalSection(ProjectConfigurationPlatforms) = postSolution
		{581E1D6D-E477-442D-8C9E-A8A99D893465}.Debug|Any CPU.ActiveCfg = Debug|Any CPU
		{581E1D6D-E477-442D-8C9E-A8A99D893465}.Debug|Any CPU.Build.0 = Debug|Any CPU
		{581E1D6D-E477-442D-8C9E-A8A99D893465}.Release|Any CPU.ActiveCfg = Release|Any CPU
		{581E1D6D-E477-442D-8C9E-A8A99D893465}.Release|Any CPU.Build.0 = Release|Any CPU
		{133CAC61-CF4B-4B5D-9F5B-B81BA28E83D9}.Debug|Any CPU.ActiveCfg = Debug|Any CPU
		{133CAC61-CF4B-4B5D-9F5B-B81BA28E83D9}.Debug|Any CPU.Build.0 = Debug|Any CPU
		{133CAC61-CF4B-4B5D-9F5B-B81BA28E83D9}.Release|Any CPU.ActiveCfg = Release|Any CPU
		{133CAC61-CF4B-4B5D-9F5B-B81BA28E83D9}.Release|Any CPU.Build.0 = Release|Any CPU
	EndGlobalSection
	GlobalSection(SolutionProperties) = preSolution
		HideSolutionNode = FALSE
	EndGlobalSection
	GlobalSection(ExtensibilityGlobals) = postSolution
		SolutionGuid = {36C385B4-F7BB-44D2-8DD2-E6182097EBE0}
	EndGlobalSection
EndGlobal
